
Microsoft Visual Studio Solution File, Format Version 12.00
# Visual Studio Version 17
VisualStudioVersion = 17.8.34525.116
MinimumVisualStudioVersion = 10.0.40219.1
Project("{FAE04EC0-301F-11D3-BF4B-00C04F79EFBC}") = "Lesson1Task3", "Lesson1Task3\Lesson1Task3.csproj", "{9D80EA73-6A31-4C1E-AD61-E252CE18CD9E}"
EndProject
Project("{2150E333-8FDC-42A3-9474-1A3956D46DE8}") = "Task3.Tests", "Task3.Tests", "{07A3DE90-F995-4610-B115-9948604A4539}"
EndProject
Project("{FAE04EC0-301F-11D3-BF4B-00C04F79EFBC}") = "Lesson1Task3.Tests", "Lesson1Task3.Tests\Lesson1Task3.Tests.csproj", "{D41FDDF8-63EB-4A37-BD27-80E0E77FBB8D}"
EndProject
Global
	GlobalSection(SolutionConfigurationPlatforms) = preSolution
		Debug|Any CPU = Debug|Any CPU
		Release|Any CPU = Release|Any CPU
	EndGlobalSection
	GlobalSection(ProjectConfigurationPlatforms) = postSolution
		{9D80EA73-6A31-4C1E-AD61-E252CE18CD9E}.Debug|Any CPU.ActiveCfg = Debug|Any CPU
		{9D80EA73-6A31-4C1E-AD61-E252CE18CD9E}.Debug|Any CPU.Build.0 = Debug|Any CPU
		{9D80EA73-6A31-4C1E-AD61-E252CE18CD9E}.Release|Any CPU.ActiveCfg = Release|Any CPU
		{9D80EA73-6A31-4C1E-AD61-E252CE18CD9E}.Release|Any CPU.Build.0 = Release|Any CPU
		{D41FDDF8-63EB-4A37-BD27-80E0E77FBB8D}.Debug|Any CPU.ActiveCfg = Debug|Any CPU
		{D41FDDF8-63EB-4A37-BD27-80E0E77FBB8D}.Debug|Any CPU.Build.0 = Debug|Any CPU
		{D41FDDF8-63EB-4A37-BD27-80E0E77FBB8D}.Release|Any CPU.ActiveCfg = Release|Any CPU
		{D41FDDF8-63EB-4A37-BD27-80E0E77FBB8D}.Release|Any CPU.Build.0 = Release|Any CPU
	EndGlobalSection
	GlobalSection(SolutionProperties) = preSolution
		HideSolutionNode = FALSE
	EndGlobalSection
	GlobalSection(NestedProjects) = preSolution
		{D41FDDF8-63EB-4A37-BD27-80E0E77FBB8D} = {07A3DE90-F995-4610-B115-9948604A4539}
	EndGlobalSection
	GlobalSection(ExtensibilityGlobals) = postSolution
		SolutionGuid = {5A75C5E3-B271-4240-953A-23A68E144B5D}
	EndGlobalSection
EndGlobal
