
Microsoft Visual Studio Solution File, Format Version 12.00
# Visual Studio Version 17
VisualStudioVersion = 17.8.34525.116
MinimumVisualStudioVersion = 10.0.40219.1
Project("{FAE04EC0-301F-11D3-BF4B-00C04F79EFBC}") = "UserCollections", "UserCollections\UserCollections.csproj", "{C4156CA7-EEFB-4993-9E2E-29E5197730CC}"
EndProject
Project("{2150E333-8FDC-42A3-9474-1A3956D46DE8}") = "Tests", "Tests", "{BE369975-8548-4703-AA78-78186EE0034C}"
EndProject
Project("{FAE04EC0-301F-11D3-BF4B-00C04F79EFBC}") = "UserCollections.Tests", "Tests\UserCollections.Tests\UserCollections.Tests.csproj", "{E2028D0F-06E1-40BE-973D-2F5E5F7B050A}"
EndProject
Global
	GlobalSection(SolutionConfigurationPlatforms) = preSolution
		Debug|Any CPU = Debug|Any CPU
		Release|Any CPU = Release|Any CPU
	EndGlobalSection
	GlobalSection(ProjectConfigurationPlatforms) = postSolution
		{C4156CA7-EEFB-4993-9E2E-29E5197730CC}.Debug|Any CPU.ActiveCfg = Debug|Any CPU
		{C4156CA7-EEFB-4993-9E2E-29E5197730CC}.Debug|Any CPU.Build.0 = Debug|Any CPU
		{C4156CA7-EEFB-4993-9E2E-29E5197730CC}.Release|Any CPU.ActiveCfg = Release|Any CPU
		{C4156CA7-EEFB-4993-9E2E-29E5197730CC}.Release|Any CPU.Build.0 = Release|Any CPU
		{E2028D0F-06E1-40BE-973D-2F5E5F7B050A}.Debug|Any CPU.ActiveCfg = Debug|Any CPU
		{E2028D0F-06E1-40BE-973D-2F5E5F7B050A}.Debug|Any CPU.Build.0 = Debug|Any CPU
		{E2028D0F-06E1-40BE-973D-2F5E5F7B050A}.Release|Any CPU.ActiveCfg = Release|Any CPU
		{E2028D0F-06E1-40BE-973D-2F5E5F7B050A}.Release|Any CPU.Build.0 = Release|Any CPU
	EndGlobalSection
	GlobalSection(SolutionProperties) = preSolution
		HideSolutionNode = FALSE
	EndGlobalSection
	GlobalSection(NestedProjects) = preSolution
		{E2028D0F-06E1-40BE-973D-2F5E5F7B050A} = {BE369975-8548-4703-AA78-78186EE0034C}
	EndGlobalSection
	GlobalSection(ExtensibilityGlobals) = postSolution
		SolutionGuid = {3FF42C5A-7D19-4458-BD52-5A72D6546D78}
	EndGlobalSection
EndGlobal
