
Microsoft Visual Studio Solution File, Format Version 12.00
# Visual Studio Version 17
VisualStudioVersion = 17.8.34525.116
MinimumVisualStudioVersion = 10.0.40219.1
Project("{FAE04EC0-301F-11D3-BF4B-00C04F79EFBC}") = "Task18", "Task18\Task18.csproj", "{B70AC644-1D98-49AE-986A-E3D57575C253}"
EndProject
Project("{2150E333-8FDC-42A3-9474-1A3956D46DE8}") = "Task18.Tests", "Task18.Tests", "{7247105E-6A48-42BE-B5D3-0F43A2A074D3}"
EndProject
Project("{FAE04EC0-301F-11D3-BF4B-00C04F79EFBC}") = "Task18.Tests", "Task18.Tests\Task18.Tests.csproj", "{762D2D61-2BE4-4FA4-845D-EDDFB97A0D6A}"
EndProject
Global
	GlobalSection(SolutionConfigurationPlatforms) = preSolution
		Debug|Any CPU = Debug|Any CPU
		Release|Any CPU = Release|Any CPU
	EndGlobalSection
	GlobalSection(ProjectConfigurationPlatforms) = postSolution
		{B70AC644-1D98-49AE-986A-E3D57575C253}.Debug|Any CPU.ActiveCfg = Debug|Any CPU
		{B70AC644-1D98-49AE-986A-E3D57575C253}.Debug|Any CPU.Build.0 = Debug|Any CPU
		{B70AC644-1D98-49AE-986A-E3D57575C253}.Release|Any CPU.ActiveCfg = Release|Any CPU
		{B70AC644-1D98-49AE-986A-E3D57575C253}.Release|Any CPU.Build.0 = Release|Any CPU
		{762D2D61-2BE4-4FA4-845D-EDDFB97A0D6A}.Debug|Any CPU.ActiveCfg = Debug|Any CPU
		{762D2D61-2BE4-4FA4-845D-EDDFB97A0D6A}.Debug|Any CPU.Build.0 = Debug|Any CPU
		{762D2D61-2BE4-4FA4-845D-EDDFB97A0D6A}.Release|Any CPU.ActiveCfg = Release|Any CPU
		{762D2D61-2BE4-4FA4-845D-EDDFB97A0D6A}.Release|Any CPU.Build.0 = Release|Any CPU
	EndGlobalSection
	GlobalSection(SolutionProperties) = preSolution
		HideSolutionNode = FALSE
	EndGlobalSection
	GlobalSection(NestedProjects) = preSolution
		{762D2D61-2BE4-4FA4-845D-EDDFB97A0D6A} = {7247105E-6A48-42BE-B5D3-0F43A2A074D3}
	EndGlobalSection
	GlobalSection(ExtensibilityGlobals) = postSolution
		SolutionGuid = {E22ADA57-E821-46B6-85BB-2231D3E2D193}
	EndGlobalSection
EndGlobal
